
Microsoft Visual Studio Solution File, Format Version 12.00
# Visual Studio Version 17
VisualStudioVersion = 17.1.32414.318
MinimumVisualStudioVersion = 10.0.40219.1
Project("{FAE04EC0-301F-11D3-BF4B-00C04F79EFBC}") = "1HalloWorld", "1HalloWorld\1HalloWorld.csproj", "{0CA4DD9F-CBE8-49F3-9EF0-EFDE43558776}"
EndProject
Global
	GlobalSection(SolutionConfigurationPlatforms) = preSolution
		Debug|Any CPU = Debug|Any CPU
		Release|Any CPU = Release|Any CPU
	EndGlobalSection
	GlobalSection(ProjectConfigurationPlatforms) = postSolution
		{0CA4DD9F-CBE8-49F3-9EF0-EFDE43558776}.Debug|Any CPU.ActiveCfg = Debug|Any CPU
		{0CA4DD9F-CBE8-49F3-9EF0-EFDE43558776}.Debug|Any CPU.Build.0 = Debug|Any CPU
		{0CA4DD9F-CBE8-49F3-9EF0-EFDE43558776}.Release|Any CPU.ActiveCfg = Release|Any CPU
		{0CA4DD9F-CBE8-49F3-9EF0-EFDE43558776}.Release|Any CPU.Build.0 = Release|Any CPU
	EndGlobalSection
	GlobalSection(SolutionProperties) = preSolution
		HideSolutionNode = FALSE
	EndGlobalSection
	GlobalSection(ExtensibilityGlobals) = postSolution
		SolutionGuid = {7D8B40AE-D283-4995-8A9C-74DE153A94F5}
	EndGlobalSection
EndGlobal
